{"is_source_file": false, "format": "", "description": "", "external_files": [], "external_methods": [], "published": [], "classes": [], "methods": [], "calls": [], "search-terms": [], "state": 2, "file_id": 2, "knowledge_revision": 21, "git_revision": "b5133cbfd52a351c54c3ae326dc9da67092c22ec", "hash": "9c4ed7ef73e22b872b8055bec08b8979", "format-version": 4, "code-base-name": "default", "filename": "dealpulse/post_process_status.lock", "revision_history": [{"21": "b5133cbfd52a351c54c3ae326dc9da67092c22ec"}]}